
Microsoft Visual Studio Solution File, Format Version 12.00
# Visual Studio Version 17
VisualStudioVersion = 17.0.31903.59
MinimumVisualStudioVersion = 10.0.40219.1
Project("{2150E333-8FDC-42A3-9474-1A3956D46DE8}") = "src", "src", "{AE844856-9FE6-4F25-94E9-A47719C25A0F}"
EndProject
Project("{2150E333-8FDC-42A3-9474-1A3956D46DE8}") = "test", "test", "{C3E731A5-6D53-4065-901B-8A8FE213C85A}"
EndProject
Project("{2150E333-8FDC-42A3-9474-1A3956D46DE8}") = "_Solution Items", "_Solution Items", "{C7D32858-E13C-4DCE-BCF1-B03A3BBFA5F6}"
EndProject
Project("{2150E333-8FDC-42A3-9474-1A3956D46DE8}") = "shared-libraries", "shared-libraries", "{B4C0529D-C5FC-4F8B-92A3-AAD78E29F0B4}"
EndProject
Project("{2150E333-8FDC-42A3-9474-1A3956D46DE8}") = "linked-files", "linked-files", "{1626697E-6203-4238-9424-B353BC2794EB}"
EndProject
Project("{FAE04EC0-301F-11D3-BF4B-00C04F79EFBC}") = "MrJB.NuGet.LinkedFiles.Domain", "src\MrJB.NuGet.LinkedFiles.Domain\MrJB.NuGet.LinkedFiles.Domain.csproj", "{2D3A0A5F-33B4-40CC-9D64-D42FDE165BC7}"
EndProject
Project("{FAE04EC0-301F-11D3-BF4B-00C04F79EFBC}") = "MrJB.NuGet.LinkedFiles.Package", "src\MrJB.NuGet.LinkedFiles.Package\MrJB.NuGet.LinkedFiles.Package.csproj", "{BD31266D-E8F1-4A65-882D-9DAE8839BC14}"
EndProject
Project("{FAE04EC0-301F-11D3-BF4B-00C04F79EFBC}") = "MrJB.NuGet.SharedLib.Domain", "src\MrJB.NuGet.SharedLib.Domain\MrJB.NuGet.SharedLib.Domain.csproj", "{5E640D56-5C02-417C-A08D-229AB6B4D2FC}"
EndProject
Project("{FAE04EC0-301F-11D3-BF4B-00C04F79EFBC}") = "MrJB.NuGet.SharedLib.Package", "src\MrJB.NuGet.SharedLib.Package\MrJB.NuGet.SharedLib.Package.csproj", "{D559660C-F01A-469B-910A-D3A3FC904F81}"
EndProject
Global
	GlobalSection(SolutionConfigurationPlatforms) = preSolution
		Debug|Any CPU = Debug|Any CPU
		Release|Any CPU = Release|Any CPU
	EndGlobalSection
	GlobalSection(ProjectConfigurationPlatforms) = postSolution
		{2D3A0A5F-33B4-40CC-9D64-D42FDE165BC7}.Debug|Any CPU.ActiveCfg = Debug|Any CPU
		{2D3A0A5F-33B4-40CC-9D64-D42FDE165BC7}.Debug|Any CPU.Build.0 = Debug|Any CPU
		{2D3A0A5F-33B4-40CC-9D64-D42FDE165BC7}.Release|Any CPU.ActiveCfg = Release|Any CPU
		{2D3A0A5F-33B4-40CC-9D64-D42FDE165BC7}.Release|Any CPU.Build.0 = Release|Any CPU
		{BD31266D-E8F1-4A65-882D-9DAE8839BC14}.Debug|Any CPU.ActiveCfg = Debug|Any CPU
		{BD31266D-E8F1-4A65-882D-9DAE8839BC14}.Debug|Any CPU.Build.0 = Debug|Any CPU
		{BD31266D-E8F1-4A65-882D-9DAE8839BC14}.Release|Any CPU.ActiveCfg = Release|Any CPU
		{BD31266D-E8F1-4A65-882D-9DAE8839BC14}.Release|Any CPU.Build.0 = Release|Any CPU
		{5E640D56-5C02-417C-A08D-229AB6B4D2FC}.Debug|Any CPU.ActiveCfg = Debug|Any CPU
		{5E640D56-5C02-417C-A08D-229AB6B4D2FC}.Debug|Any CPU.Build.0 = Debug|Any CPU
		{5E640D56-5C02-417C-A08D-229AB6B4D2FC}.Release|Any CPU.ActiveCfg = Release|Any CPU
		{5E640D56-5C02-417C-A08D-229AB6B4D2FC}.Release|Any CPU.Build.0 = Release|Any CPU
		{D559660C-F01A-469B-910A-D3A3FC904F81}.Debug|Any CPU.ActiveCfg = Debug|Any CPU
		{D559660C-F01A-469B-910A-D3A3FC904F81}.Debug|Any CPU.Build.0 = Debug|Any CPU
		{D559660C-F01A-469B-910A-D3A3FC904F81}.Release|Any CPU.ActiveCfg = Release|Any CPU
		{D559660C-F01A-469B-910A-D3A3FC904F81}.Release|Any CPU.Build.0 = Release|Any CPU
	EndGlobalSection
	GlobalSection(SolutionProperties) = preSolution
		HideSolutionNode = FALSE
	EndGlobalSection
	GlobalSection(NestedProjects) = preSolution
		{B4C0529D-C5FC-4F8B-92A3-AAD78E29F0B4} = {AE844856-9FE6-4F25-94E9-A47719C25A0F}
		{1626697E-6203-4238-9424-B353BC2794EB} = {AE844856-9FE6-4F25-94E9-A47719C25A0F}
		{2D3A0A5F-33B4-40CC-9D64-D42FDE165BC7} = {1626697E-6203-4238-9424-B353BC2794EB}
		{BD31266D-E8F1-4A65-882D-9DAE8839BC14} = {1626697E-6203-4238-9424-B353BC2794EB}
		{5E640D56-5C02-417C-A08D-229AB6B4D2FC} = {B4C0529D-C5FC-4F8B-92A3-AAD78E29F0B4}
		{D559660C-F01A-469B-910A-D3A3FC904F81} = {B4C0529D-C5FC-4F8B-92A3-AAD78E29F0B4}
	EndGlobalSection
EndGlobal
